
Microsoft Visual Studio Solution File, Format Version 12.00
# Visual Studio Version 16
VisualStudioVersion = 16.0.31025.194
MinimumVisualStudioVersion = 10.0.40219.1
Project("{FAE04EC0-301F-11D3-BF4B-00C04F79EFBC}") = "ExcelExport", "ExcelExport\ExcelExport.csproj", "{84AA0CB0-4784-4433-AB82-D0EC32DADD9B}"
EndProject
Global
	GlobalSection(SolutionConfigurationPlatforms) = preSolution
		Debug|Any CPU = Debug|Any CPU
		Release|Any CPU = Release|Any CPU
	EndGlobalSection
	GlobalSection(ProjectConfigurationPlatforms) = postSolution
		{84AA0CB0-4784-4433-AB82-D0EC32DADD9B}.Debug|Any CPU.ActiveCfg = Debug|Any CPU
		{84AA0CB0-4784-4433-AB82-D0EC32DADD9B}.Debug|Any CPU.Build.0 = Debug|Any CPU
		{84AA0CB0-4784-4433-AB82-D0EC32DADD9B}.Release|Any CPU.ActiveCfg = Release|Any CPU
		{84AA0CB0-4784-4433-AB82-D0EC32DADD9B}.Release|Any CPU.Build.0 = Release|Any CPU
	EndGlobalSection
	GlobalSection(SolutionProperties) = preSolution
		HideSolutionNode = FALSE
	EndGlobalSection
	GlobalSection(ExtensibilityGlobals) = postSolution
		SolutionGuid = {110C5A09-4284-4793-92E2-EE9F58F9CFCD}
	EndGlobalSection
EndGlobal
